
Microsoft Visual Studio Solution File, Format Version 12.00
# Visual Studio Version 17
VisualStudioVersion = 17.11.35327.3
MinimumVisualStudioVersion = 10.0.40219.1
Project("{9A19103F-16F7-4668-BE54-9A1E7A4F7556}") = "OrderManagementSystem", "OrderManagementSystem\OrderManagementSystem.csproj", "{144670CB-6396-488C-A76D-2E03A3B69E78}"
EndProject
Project("{9A19103F-16F7-4668-BE54-9A1E7A4F7556}") = "OrderManagementSystem.UIComponents", "OrderManagementSystem.UIComponents\OrderManagementSystem.UIComponents.csproj", "{35F95952-17A2-452C-B3C3-6CE15C487CC6}"
	ProjectSection(ProjectDependencies) = postProject
		{144670CB-6396-488C-A76D-2E03A3B69E78} = {144670CB-6396-488C-A76D-2E03A3B69E78}
	EndProjectSection
EndProject
Project("{9A19103F-16F7-4668-BE54-9A1E7A4F7556}") = "OrderManagementSystem.Client.Application", "OrderManagementSystem.Client.Application\OrderManagementSystem.Client.Application.csproj", "{9B993374-AA6C-4768-8D66-406EB4A8BC4B}"
EndProject
Project("{9A19103F-16F7-4668-BE54-9A1E7A4F7556}") = "OrderManagementSystem.Cache", "OrderManagementSystem.Cache\OrderManagementSystem.Cache.csproj", "{0BC7AA12-F14E-49BE-ADB5-23F26522F77D}"
EndProject
Global
	GlobalSection(SolutionConfigurationPlatforms) = preSolution
		Debug|Any CPU = Debug|Any CPU
		Release|Any CPU = Release|Any CPU
	EndGlobalSection
	GlobalSection(ProjectConfigurationPlatforms) = postSolution
		{144670CB-6396-488C-A76D-2E03A3B69E78}.Debug|Any CPU.ActiveCfg = Debug|Any CPU
		{144670CB-6396-488C-A76D-2E03A3B69E78}.Debug|Any CPU.Build.0 = Debug|Any CPU
		{144670CB-6396-488C-A76D-2E03A3B69E78}.Release|Any CPU.ActiveCfg = Release|Any CPU
		{144670CB-6396-488C-A76D-2E03A3B69E78}.Release|Any CPU.Build.0 = Release|Any CPU
		{35F95952-17A2-452C-B3C3-6CE15C487CC6}.Debug|Any CPU.ActiveCfg = Debug|Any CPU
		{35F95952-17A2-452C-B3C3-6CE15C487CC6}.Debug|Any CPU.Build.0 = Debug|Any CPU
		{35F95952-17A2-452C-B3C3-6CE15C487CC6}.Release|Any CPU.ActiveCfg = Release|Any CPU
		{35F95952-17A2-452C-B3C3-6CE15C487CC6}.Release|Any CPU.Build.0 = Release|Any CPU
		{9B993374-AA6C-4768-8D66-406EB4A8BC4B}.Debug|Any CPU.ActiveCfg = Debug|Any CPU
		{9B993374-AA6C-4768-8D66-406EB4A8BC4B}.Debug|Any CPU.Build.0 = Debug|Any CPU
		{9B993374-AA6C-4768-8D66-406EB4A8BC4B}.Release|Any CPU.ActiveCfg = Release|Any CPU
		{9B993374-AA6C-4768-8D66-406EB4A8BC4B}.Release|Any CPU.Build.0 = Release|Any CPU
		{0BC7AA12-F14E-49BE-ADB5-23F26522F77D}.Debug|Any CPU.ActiveCfg = Debug|Any CPU
		{0BC7AA12-F14E-49BE-ADB5-23F26522F77D}.Debug|Any CPU.Build.0 = Debug|Any CPU
		{0BC7AA12-F14E-49BE-ADB5-23F26522F77D}.Release|Any CPU.ActiveCfg = Release|Any CPU
		{0BC7AA12-F14E-49BE-ADB5-23F26522F77D}.Release|Any CPU.Build.0 = Release|Any CPU
	EndGlobalSection
	GlobalSection(SolutionProperties) = preSolution
		HideSolutionNode = FALSE
	EndGlobalSection
	GlobalSection(ExtensibilityGlobals) = postSolution
		SolutionGuid = {A482F29B-FEE2-4121-80CE-450215021816}
	EndGlobalSection
EndGlobal
